{
  "requires": true,
  "lockfileVersion": 1,
  "dependencies": {
    "sweetalert2": {
      "version": "10.9.0",
      "resolved": "https://registry.npmjs.org/sweetalert2/-/sweetalert2-10.9.0.tgz",
      "integrity": "sha512-ijIYsQ4ybOVt49GbZd5FfLoA5A3CCtHK2iSJqnIbCGT/p9d0SwhjtHNO10w/VU8chzM+5hJQ2J6Z6eAEUYtXtw=="
    }
  }
}
